
Microsoft Visual Studio Solution File, Format Version 12.00
# Visual Studio 14
VisualStudioVersion = 14.0.25420.1
MinimumVisualStudioVersion = 10.0.40219.1
Project("{FAE04EC0-301F-11D3-BF4B-00C04F79EFBC}") = "Joing.Core", "Joing.Core.csproj", "{2B0658D0-22F4-44E7-8288-17F17A0DF5B7}"
EndProject
Project("{FAE04EC0-301F-11D3-BF4B-00C04F79EFBC}") = "Joing.Infra", "..\Joing.Infra\Joing.Infra.csproj", "{03AAE61D-4418-4D7E-A6A7-45EE6B0828B7}"
EndProject
Project("{FAE04EC0-301F-11D3-BF4B-00C04F79EFBC}") = "Joing.IntegrationTest", "..\Joing.IntegrationTest\Joing.IntegrationTest.csproj", "{AD43A93F-E185-45EF-8EF5-6DC426484D34}"
EndProject
Project("{FAE04EC0-301F-11D3-BF4B-00C04F79EFBC}") = "Joing.Data", "..\Joing.Data\Joing.Data.csproj", "{1685252F-5235-419E-B569-63786AAEFCDD}"
EndProject
Global
	GlobalSection(SolutionConfigurationPlatforms) = preSolution
		Debug|Any CPU = Debug|Any CPU
		Release|Any CPU = Release|Any CPU
	EndGlobalSection
	GlobalSection(ProjectConfigurationPlatforms) = postSolution
		{2B0658D0-22F4-44E7-8288-17F17A0DF5B7}.Debug|Any CPU.ActiveCfg = Debug|Any CPU
		{2B0658D0-22F4-44E7-8288-17F17A0DF5B7}.Debug|Any CPU.Build.0 = Debug|Any CPU
		{2B0658D0-22F4-44E7-8288-17F17A0DF5B7}.Release|Any CPU.ActiveCfg = Release|Any CPU
		{2B0658D0-22F4-44E7-8288-17F17A0DF5B7}.Release|Any CPU.Build.0 = Release|Any CPU
		{03AAE61D-4418-4D7E-A6A7-45EE6B0828B7}.Debug|Any CPU.ActiveCfg = Debug|Any CPU
		{03AAE61D-4418-4D7E-A6A7-45EE6B0828B7}.Debug|Any CPU.Build.0 = Debug|Any CPU
		{03AAE61D-4418-4D7E-A6A7-45EE6B0828B7}.Release|Any CPU.ActiveCfg = Release|Any CPU
		{03AAE61D-4418-4D7E-A6A7-45EE6B0828B7}.Release|Any CPU.Build.0 = Release|Any CPU
		{AD43A93F-E185-45EF-8EF5-6DC426484D34}.Debug|Any CPU.ActiveCfg = Debug|Any CPU
		{AD43A93F-E185-45EF-8EF5-6DC426484D34}.Debug|Any CPU.Build.0 = Debug|Any CPU
		{AD43A93F-E185-45EF-8EF5-6DC426484D34}.Release|Any CPU.ActiveCfg = Release|Any CPU
		{AD43A93F-E185-45EF-8EF5-6DC426484D34}.Release|Any CPU.Build.0 = Release|Any CPU
		{1685252F-5235-419E-B569-63786AAEFCDD}.Debug|Any CPU.ActiveCfg = Debug|Any CPU
		{1685252F-5235-419E-B569-63786AAEFCDD}.Debug|Any CPU.Build.0 = Debug|Any CPU
		{1685252F-5235-419E-B569-63786AAEFCDD}.Release|Any CPU.ActiveCfg = Release|Any CPU
		{1685252F-5235-419E-B569-63786AAEFCDD}.Release|Any CPU.Build.0 = Release|Any CPU
	EndGlobalSection
	GlobalSection(SolutionProperties) = preSolution
		HideSolutionNode = FALSE
	EndGlobalSection
EndGlobal
